
Microsoft Visual Studio Solution File, Format Version 12.00
# Visual Studio 15
VisualStudioVersion = 15.0.27428.2011
MinimumVisualStudioVersion = 10.0.40219.1
Project("{FAE04EC0-301F-11D3-BF4B-00C04F79EFBC}") = "Apoteka", "Apoteka\Apoteka.csproj", "{24D6ADE0-D7AC-425F-96A4-CEF3C29792B1}"
EndProject
Global
	GlobalSection(SolutionConfigurationPlatforms) = preSolution
		Debug|Any CPU = Debug|Any CPU
		Release|Any CPU = Release|Any CPU
	EndGlobalSection
	GlobalSection(ProjectConfigurationPlatforms) = postSolution
		{24D6ADE0-D7AC-425F-96A4-CEF3C29792B1}.Debug|Any CPU.ActiveCfg = Debug|Any CPU
		{24D6ADE0-D7AC-425F-96A4-CEF3C29792B1}.Debug|Any CPU.Build.0 = Debug|Any CPU
		{24D6ADE0-D7AC-425F-96A4-CEF3C29792B1}.Release|Any CPU.ActiveCfg = Release|Any CPU
		{24D6ADE0-D7AC-425F-96A4-CEF3C29792B1}.Release|Any CPU.Build.0 = Release|Any CPU
	EndGlobalSection
	GlobalSection(SolutionProperties) = preSolution
		HideSolutionNode = FALSE
	EndGlobalSection
	GlobalSection(ExtensibilityGlobals) = postSolution
		SolutionGuid = {7486CCBD-4D25-464B-B423-1E3A6BC48517}
	EndGlobalSection
EndGlobal
